
Microsoft Visual Studio Solution File, Format Version 12.00
# Visual Studio Version 17
VisualStudioVersion = 17.10.35027.167
MinimumVisualStudioVersion = 10.0.40219.1
Project("{9A19103F-16F7-4668-BE54-9A1E7A4F7556}") = "VideoSrtSearchSystem", "VideoSrtSearchSystem\VideoSrtSearchSystem.csproj", "{046034D8-E0A9-43B8-B02D-EAF8E4D3754C}"
EndProject
Project("{FAE04EC0-301F-11D3-BF4B-00C04F79EFBC}") = "Share", "Share\Share.csproj", "{B22247CE-158A-4397-ABA8-4D06DF27FE5D}"
EndProject
Global
	GlobalSection(SolutionConfigurationPlatforms) = preSolution
		Debug|Any CPU = Debug|Any CPU
		Release|Any CPU = Release|Any CPU
	EndGlobalSection
	GlobalSection(ProjectConfigurationPlatforms) = postSolution
		{046034D8-E0A9-43B8-B02D-EAF8E4D3754C}.Debug|Any CPU.ActiveCfg = Debug|Any CPU
		{046034D8-E0A9-43B8-B02D-EAF8E4D3754C}.Debug|Any CPU.Build.0 = Debug|Any CPU
		{046034D8-E0A9-43B8-B02D-EAF8E4D3754C}.Release|Any CPU.ActiveCfg = Release|Any CPU
		{046034D8-E0A9-43B8-B02D-EAF8E4D3754C}.Release|Any CPU.Build.0 = Release|Any CPU
		{B22247CE-158A-4397-ABA8-4D06DF27FE5D}.Debug|Any CPU.ActiveCfg = Debug|Any CPU
		{B22247CE-158A-4397-ABA8-4D06DF27FE5D}.Debug|Any CPU.Build.0 = Debug|Any CPU
		{B22247CE-158A-4397-ABA8-4D06DF27FE5D}.Release|Any CPU.ActiveCfg = Release|Any CPU
		{B22247CE-158A-4397-ABA8-4D06DF27FE5D}.Release|Any CPU.Build.0 = Release|Any CPU
	EndGlobalSection
	GlobalSection(SolutionProperties) = preSolution
		HideSolutionNode = FALSE
	EndGlobalSection
	GlobalSection(ExtensibilityGlobals) = postSolution
		SolutionGuid = {310EDC10-A05B-429D-8333-DFE45DE3E2EC}
	EndGlobalSection
EndGlobal
